
Microsoft Visual Studio Solution File, Format Version 12.00
# Visual Studio Version 16
VisualStudioVersion = 16.0.29613.14
MinimumVisualStudioVersion = 10.0.40219.1
Project("{FAE04EC0-301F-11D3-BF4B-00C04F79EFBC}") = "GetLotteryData", "GetLotteryData\GetLotteryData.csproj", "{1A973B6D-6FA5-4B16-A892-D1EBA4499F27}"
EndProject
Global
	GlobalSection(SolutionConfigurationPlatforms) = preSolution
		Debug|Any CPU = Debug|Any CPU
		Release|Any CPU = Release|Any CPU
	EndGlobalSection
	GlobalSection(ProjectConfigurationPlatforms) = postSolution
		{1A973B6D-6FA5-4B16-A892-D1EBA4499F27}.Debug|Any CPU.ActiveCfg = Debug|Any CPU
		{1A973B6D-6FA5-4B16-A892-D1EBA4499F27}.Debug|Any CPU.Build.0 = Debug|Any CPU
		{1A973B6D-6FA5-4B16-A892-D1EBA4499F27}.Release|Any CPU.ActiveCfg = Release|Any CPU
		{1A973B6D-6FA5-4B16-A892-D1EBA4499F27}.Release|Any CPU.Build.0 = Release|Any CPU
	EndGlobalSection
	GlobalSection(SolutionProperties) = preSolution
		HideSolutionNode = FALSE
	EndGlobalSection
	GlobalSection(ExtensibilityGlobals) = postSolution
		SolutionGuid = {2AA55E6D-AB53-4B69-AB88-4431A9570620}
	EndGlobalSection
EndGlobal
